{
    "_meta": {
        "hash": {
            "sha256": "463910c560d438f72a48bd40d126a5f2044cf56c0b3a26c00a93f03d3e7ae902"
        },
        "pipfile-spec": 6,
        "requires": {
            "python_version": "3.10"
        },
        "sources": [
            {
                "name": "pypi",
                "url": "https://pypi.org/simple",
                "verify_ssl": true
            }
        ]
    },
    "default": {
        "anyio": {
            "hashes": [
                "sha256:cfdb2b588b9fc25ede96d8db56ed50848b0b649dca3dd1df0b11f683bb9e0b5f",
                "sha256:f7ed51751b2c2add651e5747c891b47e26d2a21be5d32d9311dfe9692f3e5d7a"
            ],
            "markers": "python_version >= '3.8'",
            "version": "==4.0.0"
        },
        "asgiref": {
            "hashes": [
                "sha256:89b2ef2247e3b562a16eef663bc0e2e703ec6468e2fa8a5cd61cd449786d4f6e",
                "sha256:9e0ce3aa93a819ba5b45120216b23878cf6e8525eb3848653452b4192b92afed"
            ],
            "markers": "python_version >= '3.7'",
            "version": "==3.7.2"
        },
        "boto3": {
            "hashes": [
                "sha256:519639859a3c829ccf7073a58b3716cb26cb5906e306fe63eb4beab68bf9bfab",
                "sha256:c9fad1b01a1d7e7bd51150b3175b4c32b79d699ce94708082611f59fde2e097a"
            ],
            "index": "pypi",
            "version": "==1.28.49"
        },
        "botocore": {
            "hashes": [
                "sha256:7d64cb45154e4f34f3a45f551e118caad7379ae831565639e0afe5b2af126c61",
                "sha256:95e9716f27f67d4207f260ab0ea157603ca544d3b82c5f21728b1c732bec1817"
            ],
            "markers": "python_version >= '3.7'",
            "version": "==1.31.49"
        },
        "certifi": {
            "hashes": [
                "sha256:539cc1d13202e33ca466e88b2807e29f4c13049d6d87031a3c110744495cb082",
                "sha256:92d6037539857d8206b8f6ae472e8b77db8058fec5937a1ef3f54304089edbb9"
            ],
            "markers": "python_version >= '3.6'",
            "version": "==2023.7.22"
        },
        "charset-normalizer": {
            "hashes": [
                "sha256:5a3d016c7c547f69d6f81fb0db9449ce888b418b5b9952cc5e6e66843e9dd845",
                "sha256:83e9a75d1911279afd89352c68b45348559d1fc0506b054b346651b5e7fee29f"
            ],
            "markers": "python_full_version >= '3.6.0'",
            "version": "==2.1.1"
        },
        "click": {
            "hashes": [
                "sha256:ae74fb96c20a0277a1d615f1e4d73c8414f5a98db8b799a7931d1582f3390c28",
                "sha256:ca9853ad459e787e2192211578cc907e7594e294c7ccc834310722b41b9ca6de"
            ],
            "markers": "python_version >= '3.7'",
            "version": "==8.1.7"
        },
        "envyaml": {
            "hashes": [
                "sha256:88f8a076159e3c317d3450a5f404132b6ac91aecee4934ea72eac65f911f1244",
                "sha256:8d7a7a6be12587cc5da32a587067506b47b849f4643981099ad148015a72de52"
            ],
            "index": "pypi",
            "version": "==1.10.211231"
        },
        "exceptiongroup": {
            "hashes": [
                "sha256:097acd85d473d75af5bb98e41b61ff7fe35efe6675e4f9370ec6ec5126d160e9",
                "sha256:343280667a4585d195ca1cf9cef84a4e178c4b6cf2274caef9859782b567d5e3"
            ],
            "markers": "python_version < '3.11'",
            "version": "==1.1.3"
        },
        "fastapi": {
            "hashes": [
                "sha256:cf0ff6db25b91d321050c4112baab0908c90f19b40bf257f9591d2f9780d1f22",
                "sha256:d337563424ceada23857f73d5abe8dae0c28e4cccb53b2af06e78b7bb4a1c7d7"
            ],
            "index": "pypi",
            "version": "==0.79.0"
        },
        "h11": {
            "hashes": [
                "sha256:8f19fbbe99e72420ff35c00b27a34cb9937e902a8b810e2c88300c6f0a3b699d",
                "sha256:e3fe4ac4b851c468cc8363d500db52c2ead036020723024a109d37346efaa761"
            ],
            "markers": "python_version >= '3.7'",
            "version": "==0.14.0"
        },
        "idna": {
            "hashes": [
                "sha256:814f528e8dead7d329833b91c5faa87d60bf71824cd12a7530b5526063d02cb4",
                "sha256:90b77e79eaa3eba6de819a0c442c0b4ceefc341a7a2ab77d7562bf49f425c5c2"
            ],
            "markers": "python_version >= '3.5'",
            "version": "==3.4"
        },
        "jmespath": {
            "hashes": [
                "sha256:02e2e4cc71b5bcab88332eebf907519190dd9e6e82107fa7f83b1003a6252980",
                "sha256:90261b206d6defd58fdd5e85f478bf633a2901798906be2ad389150c5c60edbe"
            ],
            "markers": "python_version >= '3.7'",
            "version": "==1.0.1"
        },
        "pydantic": {
            "extras": [
                "dotenv"
            ],
            "hashes": [
                "sha256:026427be4e251f876e7519a63af37ae5ebb8b593ca8b02180bdc6becd1ea4ef4",
                "sha256:134b4fd805737496ce4efd24ce2f8da0e08c66dcfc054fee1a19673eec780f2c",
                "sha256:158f1479367da20914961b5406ac3b29dfe1d858ae2af96c444f73543defcf0c",
                "sha256:172aaeeaff8fc3ac326fb8a2934a063ca0938586c5fe8848285052de83a240f7",
                "sha256:1856bc6640aced42886f7ee48f5ed1fa5adf35e34064b5f9532b52d5a3b8a0d3",
                "sha256:1b5212604aaf5954e9a7cea8f0c60d6dbef996aa7b41edefd329e6b5011ce8cf",
                "sha256:1f99b4de6936a0f9fe255d1c7fdc447700ddd027c9ad38a612d453ed5fc7d6d0",
                "sha256:22206c152f9b86c0ee169928f9c24e1c0c566edb2462600b298ccb04860961aa",
                "sha256:231b19c010288bfbfdcd3f79df38b5ff893c6547cd8c7d006203435790b22815",
                "sha256:39212b3853eea165a3cda11075d5b7d09d4291fcbc3c0ecefd23797ee21b29e9",
                "sha256:3a3a60fcb5ce08cab593b7978d02db67b8d153e9d582adab7c0b69d7200d78be",
                "sha256:45a6d0a9fdaad2a27ea69aec4659705ed8f60a5664e892c73e2b977d8f5166cc",
                "sha256:4af55f33ae5be6cccecd4fa462630daffef1f161f60c3f194b24eca705d50748",
                "sha256:4d2b9258f5bd2d129bd4cf2d31f9d40094b9ed6ef64896e2f7a70729b2d599ea",
                "sha256:645b83297a9428a675c98c1f69a7237a381900e34f23245c0ea73d74e454bf68",
                "sha256:652727f9e1d3ae30bd8a4dfbebcafd50df45277b97f3deabbbfedcf731f94aa5",
                "sha256:7e34e46dd08dafd4c75b8378efe3eae7d8e5212950fcd894d86c1df2dcfb80fe",
                "sha256:8e796f915762dec4678fafc89b1f0441ab9209517a8a682ddb3f988f7ffe0827",
                "sha256:9500586151cd56a20bacb8f1082df1b4489000120d1c7ddc44c8b20870e8adbd",
                "sha256:95ab3f31f35dc4f8fc85b04d13569e5fdc9de2d3050ae64c1fdc3430dfe7d92d",
                "sha256:a0ba8710bfdaddb7424c05ad2dc1da04796003751eac6ad30c218ac1d68a174e",
                "sha256:a1192c17667d21652ab93b5eecd1a776cd0a4e384ea8c331bb830c9d130293af",
                "sha256:af669da39ede365069dbc5de56564b011e3353f801acdbdd7145002a78abc3d9",
                "sha256:b3e3aed33fbd9518cf508d5415a58af683743d53dc5e58953973d73605774f34",
                "sha256:b549eebe8de4e50fc3b4f8c1f9cc2f731d91787fc3f7d031561668377b8679bc",
                "sha256:c4c76af6ad47bc46cf16bd0e4a5e536a7a2bec0dec14ea08b712daa6645bf293",
                "sha256:d1dffae1f219d06a997ec78d1d2daafdbfecf243ad8eb36bfbcbc73e30e17385",
                "sha256:d484fbbe6267b6c936a6d005d5170ab553f3f4367348c7e88d3e17f0a7179981",
                "sha256:d73ae7e210929a1b7d288034835dd787e5b0597192d58ab7342bacbeec0f33df",
                "sha256:d8e5c5a50821c55b76dcf422610225cb7e44685cdd81832d0d504fa8c9343f35",
                "sha256:d8ef840ef803ef17a7bd52480eb85faca0eed728d70233fd560f7d1066330247",
                "sha256:e03402b0a6b23a2d0b9ee31e45d80612c95562b5af8b5c900171b9d9015ddc5f",
                "sha256:e13788fcad1baf5eb3236856b2a9a74f7dac6b3ea7ca1f60a4ad8bad4239cf4c",
                "sha256:e290915a0ed53d3c59d6071fc7d2c843ed04c33affcd752dd1f3daa859b44a76",
                "sha256:ed4e5c18cac70fadd4cf339f444c4f1795f0876dfd5b70cf0a841890b52f0001",
                "sha256:f0985ba95af937389c9ce8d747138417303569cb736bd12469646ef53cd66e1c"
            ],
            "index": "pypi",
            "version": "==1.10.0"
        },
        "python-baseconv": {
            "hashes": [
                "sha256:0539f8bd0464013b05ad62e0a1673f0ac9086c76b43ebf9f833053527cd9931b"
            ],
            "version": "==1.2.2"
        },
        "python-dateutil": {
            "hashes": [
                "sha256:0123cacc1627ae19ddf3c27a5de5bd67ee4586fbdd6440d9748f8abb483d3e86",
                "sha256:961d03dc3453ebbc59dbdea9e4e11c5651520a876d0f4db161e8674aae935da9"
            ],
            "markers": "python_version >= '2.7' and python_version not in '3.0, 3.1, 3.2, 3.3'",
            "version": "==2.8.2"
        },
        "python-dotenv": {
            "hashes": [
                "sha256:a8df96034aae6d2d50a4ebe8216326c61c3eb64836776504fcca410e5937a3ba",
                "sha256:f5971a9226b701070a4bf2c38c89e5a3f0d64de8debda981d1db98583009122a"
            ],
            "version": "==1.0.0"
        },
        "pyyaml": {
            "hashes": [
                "sha256:01b45c0191e6d66c470b6cf1b9531a771a83c1c4208272ead47a3ae4f2f603bf",
                "sha256:0283c35a6a9fbf047493e3a0ce8d79ef5030852c51e9d911a27badfde0605293",
                "sha256:055d937d65826939cb044fc8c9b08889e8c743fdc6a32b33e2390f66013e449b",
                "sha256:07751360502caac1c067a8132d150cf3d61339af5691fe9e87803040dbc5db57",
                "sha256:0b4624f379dab24d3725ffde76559cff63d9ec94e1736b556dacdfebe5ab6d4b",
                "sha256:0ce82d761c532fe4ec3f87fc45688bdd3a4c1dc5e0b4a19814b9009a29baefd4",
                "sha256:1e4747bc279b4f613a09eb64bba2ba602d8a6664c6ce6396a4d0cd413a50ce07",
                "sha256:213c60cd50106436cc818accf5baa1aba61c0189ff610f64f4a3e8c6726218ba",
                "sha256:231710d57adfd809ef5d34183b8ed1eeae3f76459c18fb4a0b373ad56bedcdd9",
                "sha256:277a0ef2981ca40581a47093e9e2d13b3f1fbbeffae064c1d21bfceba2030287",
                "sha256:2cd5df3de48857ed0544b34e2d40e9fac445930039f3cfe4bcc592a1f836d513",
                "sha256:40527857252b61eacd1d9af500c3337ba8deb8fc298940291486c465c8b46ec0",
                "sha256:432557aa2c09802be39460360ddffd48156e30721f5e8d917f01d31694216782",
                "sha256:473f9edb243cb1935ab5a084eb238d842fb8f404ed2193a915d1784b5a6b5fc0",
                "sha256:48c346915c114f5fdb3ead70312bd042a953a8ce5c7106d5bfb1a5254e47da92",
                "sha256:50602afada6d6cbfad699b0c7bb50d5ccffa7e46a3d738092afddc1f9758427f",
                "sha256:68fb519c14306fec9720a2a5b45bc9f0c8d1b9c72adf45c37baedfcd949c35a2",
                "sha256:77f396e6ef4c73fdc33a9157446466f1cff553d979bd00ecb64385760c6babdc",
                "sha256:81957921f441d50af23654aa6c5e5eaf9b06aba7f0a19c18a538dc7ef291c5a1",
                "sha256:819b3830a1543db06c4d4b865e70ded25be52a2e0631ccd2f6a47a2822f2fd7c",
                "sha256:897b80890765f037df3403d22bab41627ca8811ae55e9a722fd0392850ec4d86",
                "sha256:98c4d36e99714e55cfbaaee6dd5badbc9a1ec339ebfc3b1f52e293aee6bb71a4",
                "sha256:9df7ed3b3d2e0ecfe09e14741b857df43adb5a3ddadc919a2d94fbdf78fea53c",
                "sha256:9fa600030013c4de8165339db93d182b9431076eb98eb40ee068700c9c813e34",
                "sha256:a80a78046a72361de73f8f395f1f1e49f956c6be882eed58505a15f3e430962b",
                "sha256:afa17f5bc4d1b10afd4466fd3a44dc0e245382deca5b3c353d8b757f9e3ecb8d",
                "sha256:b3d267842bf12586ba6c734f89d1f5b871df0273157918b0ccefa29deb05c21c",
                "sha256:b5b9eccad747aabaaffbc6064800670f0c297e52c12754eb1d976c57e4f74dcb",
                "sha256:bfaef573a63ba8923503d27530362590ff4f576c626d86a9fed95822a8255fd7",
                "sha256:c5687b8d43cf58545ade1fe3e055f70eac7a5a1a0bf42824308d868289a95737",
                "sha256:cba8c411ef271aa037d7357a2bc8f9ee8b58b9965831d9e51baf703280dc73d3",
                "sha256:d15a181d1ecd0d4270dc32edb46f7cb7733c7c508857278d3d378d14d606db2d",
                "sha256:d4b0ba9512519522b118090257be113b9468d804b19d63c71dbcf4a48fa32358",
                "sha256:d4db7c7aef085872ef65a8fd7d6d09a14ae91f691dec3e87ee5ee0539d516f53",
                "sha256:d4eccecf9adf6fbcc6861a38015c2a64f38b9d94838ac1810a9023a0609e1b78",
                "sha256:d67d839ede4ed1b28a4e8909735fc992a923cdb84e618544973d7dfc71540803",
                "sha256:daf496c58a8c52083df09b80c860005194014c3698698d1a57cbcfa182142a3a",
                "sha256:dbad0e9d368bb989f4515da330b88a057617d16b6a8245084f1b05400f24609f",
                "sha256:e61ceaab6f49fb8bdfaa0f92c4b57bcfbea54c09277b1b4f7ac376bfb7a7c174",
                "sha256:f84fbc98b019fef2ee9a1cb3ce93e3187a6df0b2538a651bfb890254ba9f90b5"
            ],
            "index": "pypi",
            "version": "==6.0"
        },
        "requests": {
            "hashes": [
                "sha256:7c5599b102feddaa661c826c56ab4fee28bfd17f5abca1ebbe3e7f19d7c97983",
                "sha256:8fefa2a1a1365bf5520aac41836fbee479da67864514bdb821f31ce07ce65349"
            ],
            "index": "pypi",
            "version": "==2.28.1"
        },
        "s3transfer": {
            "hashes": [
                "sha256:b014be3a8a2aab98cfe1abc7229cc5a9a0cf05eb9c1f2b86b230fd8df3f78084",
                "sha256:cab66d3380cca3e70939ef2255d01cd8aece6a4907a9528740f668c4b0611861"
            ],
            "markers": "python_version >= '3.7'",
            "version": "==0.6.2"
        },
        "six": {
            "hashes": [
                "sha256:1e61c37477a1626458e36f7b1d82aa5c9b094fa4802892072e49de9c60c4c926",
                "sha256:8abb2f1d86890a2dfb989f9a77cfcfd3e47c2a354b01111771326f8aa26e0254"
            ],
            "markers": "python_version >= '2.7' and python_version not in '3.0, 3.1, 3.2, 3.3'",
            "version": "==1.16.0"
        },
        "sniffio": {
            "hashes": [
                "sha256:e60305c5e5d314f5389259b7f22aaa33d8f7dee49763119234af3755c55b9101",
                "sha256:eecefdce1e5bbfb7ad2eeaabf7c1eeb404d7757c379bd1f7e5cce9d8bf425384"
            ],
            "markers": "python_version >= '3.7'",
            "version": "==1.3.0"
        },
        "starlette": {
            "hashes": [
                "sha256:5a60c5c2d051f3a8eb546136aa0c9399773a689595e099e0877704d5888279bf",
                "sha256:c6d21096774ecb9639acad41b86b7706e52ba3bf1dc13ea4ed9ad593d47e24c7"
            ],
            "index": "pypi",
            "version": "==0.19.1"
        },
        "svix-ksuid": {
            "hashes": [
                "sha256:beb95bd6284bdbd526834e233846653d2bd26eb162b3233513d8f2c853c78964"
            ],
            "index": "pypi",
            "version": "==0.6.2"
        },
        "tomli": {
            "hashes": [
                "sha256:939de3e7a6161af0c887ef91b7d41a53e7c5a1ca976325f429cb46ea9bc30ecc",
                "sha256:de526c12914f0c550d15924c62d72abc48d6fe7364aa87328337a31007fe8a4f"
            ],
            "index": "pypi",
            "version": "==2.0.1"
        },
        "typing-extensions": {
            "hashes": [
                "sha256:25642c956049920a5aa49edcdd6ab1e06d7e5d467fc00e0506c44ac86fbfca02",
                "sha256:e6d2677a32f47fc7eb2795db1dd15c1f34eff616bcaf2cfb5e997f854fa1c4a6"
            ],
            "index": "pypi",
            "version": "==4.3.0"
        },
        "urllib3": {
            "hashes": [
                "sha256:c33ccba33c819596124764c23a97d25f32b28433ba0dedeb77d873a38722c9bc",
                "sha256:ea6e8fb210b19d950fab93b60c9009226c63a28808bc8386e05301e25883ac0a"
            ],
            "index": "pypi",
            "version": "==1.26.11"
        },
        "uvicorn": {
            "hashes": [
                "sha256:19e2a0e96c9ac5581c01eb1a79a7d2f72bb479691acd2b8921fce48ed5b961a6",
                "sha256:5180f9d059611747d841a4a4c4ab675edf54c8489e97f96d0583ee90ac3bfc23"
            ],
            "index": "pypi",
            "version": "==0.17.6"
        },
        "uvloop": {
            "hashes": [
                "sha256:04ff57aa137230d8cc968f03481176041ae789308b4d5079118331ab01112450",
                "sha256:089b4834fd299d82d83a25e3335372f12117a7d38525217c2258e9b9f4578897",
                "sha256:1e5f2e2ff51aefe6c19ee98af12b4ae61f5be456cd24396953244a30880ad861",
                "sha256:30ba9dcbd0965f5c812b7c2112a1ddf60cf904c1c160f398e7eed3a6b82dcd9c",
                "sha256:3a19828c4f15687675ea912cc28bbcb48e9bb907c801873bd1519b96b04fb805",
                "sha256:6224f1401025b748ffecb7a6e2652b17768f30b1a6a3f7b44660e5b5b690b12d",
                "sha256:647e481940379eebd314c00440314c81ea547aa636056f554d491e40503c8464",
                "sha256:6ccd57ae8db17d677e9e06192e9c9ec4bd2066b77790f9aa7dede2cc4008ee8f",
                "sha256:772206116b9b57cd625c8a88f2413df2fcfd0b496eb188b82a43bed7af2c2ec9",
                "sha256:8e0d26fa5875d43ddbb0d9d79a447d2ace4180d9e3239788208527c4784f7cab",
                "sha256:98d117332cc9e5ea8dfdc2b28b0a23f60370d02e1395f88f40d1effd2cb86c4f",
                "sha256:b572256409f194521a9895aef274cea88731d14732343da3ecdb175228881638",
                "sha256:bd53f7f5db562f37cd64a3af5012df8cac2c464c97e732ed556800129505bd64",
                "sha256:bd8f42ea1ea8f4e84d265769089964ddda95eb2bb38b5cbe26712b0616c3edee",
                "sha256:e814ac2c6f9daf4c36eb8e85266859f42174a4ff0d71b99405ed559257750382",
                "sha256:f74bc20c7b67d1c27c72601c78cf95be99d5c2cdd4514502b4f3eb0933ff1228"
            ],
            "index": "pypi",
            "version": "==0.16.0"
        }
    },
    "develop": {
        "black": {
            "hashes": [
                "sha256:074458dc2f6e0d3dab7928d4417bb6957bb834434516f21514138437accdbe90",
                "sha256:187d96c5e713f441a5829e77120c269b6514418f4513a390b0499b0987f2ff1c",
                "sha256:2ea29072e954a4d55a2ff58971b83365eba5d3d357352a07a7a4df0d95f51c78",
                "sha256:4af5bc0e1f96be5ae9bd7aaec219c901a94d6caa2484c21983d043371c733fc4",
                "sha256:560558527e52ce8afba936fcce93a7411ab40c7d5fe8c2463e279e843c0328ee",
                "sha256:568ac3c465b1c8b34b61cd7a4e349e93f91abf0f9371eda1cf87194663ab684e",
                "sha256:6797f58943fceb1c461fb572edbe828d811e719c24e03375fd25170ada53825e",
                "sha256:6c1734ab264b8f7929cef8ae5f900b85d579e6cbfde09d7387da8f04771b51c6",
                "sha256:6c6d39e28aed379aec40da1c65434c77d75e65bb59a1e1c283de545fb4e7c6c9",
                "sha256:7ba9be198ecca5031cd78745780d65a3f75a34b2ff9be5837045dce55db83d1c",
                "sha256:94783f636bca89f11eb5d50437e8e17fbc6a929a628d82304c80fa9cd945f256",
                "sha256:a218d7e5856f91d20f04e931b6f16d15356db1c846ee55f01bac297a705ca24f",
                "sha256:a3db5b6409b96d9bd543323b23ef32a1a2b06416d525d27e0f67e74f1446c8f2",
                "sha256:ac609cf8ef5e7115ddd07d85d988d074ed00e10fbc3445aee393e70164a2219c",
                "sha256:b154e6bbde1e79ea3260c4b40c0b7b3109ffcdf7bc4ebf8859169a6af72cd70b",
                "sha256:b270a168d69edb8b7ed32c193ef10fd27844e5c60852039599f9184460ce0807",
                "sha256:b9fd45787ba8aa3f5e0a0a98920c1012c884622c6c920dbe98dbd05bc7c70fbf",
                "sha256:c85928b9d5f83b23cee7d0efcb310172412fbf7cb9d9ce963bd67fd141781def",
                "sha256:c9a3ac16efe9ec7d7381ddebcc022119794872abce99475345c5a61aa18c45ad",
                "sha256:cfaf3895a9634e882bf9d2363fed5af8888802d670f58b279b0bece00e9a872d",
                "sha256:e439798f819d49ba1c0bd9664427a05aab79bfba777a6db94fd4e56fae0cb849",
                "sha256:f586c26118bc6e714ec58c09df0157fe2d9ee195c764f630eb0d8e7ccce72e69",
                "sha256:f6fe02afde060bbeef044af7996f335fbe90b039ccf3f5eb8f16df8b20f77666"
            ],
            "index": "pypi",
            "version": "==22.6.0"
        },
        "click": {
            "hashes": [
                "sha256:ae74fb96c20a0277a1d615f1e4d73c8414f5a98db8b799a7931d1582f3390c28",
                "sha256:ca9853ad459e787e2192211578cc907e7594e294c7ccc834310722b41b9ca6de"
            ],
            "markers": "python_version >= '3.7'",
            "version": "==8.1.7"
        },
        "mypy-extensions": {
            "hashes": [
                "sha256:4392f6c0eb8a5668a69e23d168ffa70f0be9ccfd32b5cc2d26a34ae5b844552d",
                "sha256:75dbf8955dc00442a438fc4d0666508a9a97b6bd41aa2f0ffe9d2f2725af0782"
            ],
            "markers": "python_version >= '3.5'",
            "version": "==1.0.0"
        },
        "pathspec": {
            "hashes": [
                "sha256:1d6ed233af05e679efb96b1851550ea95bbb64b7c490b0f5aa52996c11e92a20",
                "sha256:e0d8d0ac2f12da61956eb2306b69f9469b42f4deb0f3cb6ed47b9cce9996ced3"
            ],
            "markers": "python_version >= '3.7'",
            "version": "==0.11.2"
        },
        "platformdirs": {
            "hashes": [
                "sha256:b45696dab2d7cc691a3226759c0d3b00c47c8b6e293d96f6436f733303f77f6d",
                "sha256:d7c24979f292f916dc9cbf8648319032f551ea8c49a4c9bf2fb556a02070ec1d"
            ],
            "markers": "python_version >= '3.7'",
            "version": "==3.10.0"
        },
        "tomli": {
            "hashes": [
                "sha256:939de3e7a6161af0c887ef91b7d41a53e7c5a1ca976325f429cb46ea9bc30ecc",
                "sha256:de526c12914f0c550d15924c62d72abc48d6fe7364aa87328337a31007fe8a4f"
            ],
            "index": "pypi",
            "version": "==2.0.1"
        }
    }
}
